
Microsoft Visual Studio Solution File, Format Version 12.00
# Visual Studio Version 16
VisualStudioVersion = 16.0.30320.27
MinimumVisualStudioVersion = 10.0.40219.1
Project("{FAE04EC0-301F-11D3-BF4B-00C04F79EFBC}") = "taller1.promedio de notas", "taller1.promedio de notas\taller1.promedio de notas.csproj", "{82060A30-3358-43BC-B923-7E3C77424133}"
EndProject
Global
	GlobalSection(SolutionConfigurationPlatforms) = preSolution
		Debug|Any CPU = Debug|Any CPU
		Release|Any CPU = Release|Any CPU
	EndGlobalSection
	GlobalSection(ProjectConfigurationPlatforms) = postSolution
		{82060A30-3358-43BC-B923-7E3C77424133}.Debug|Any CPU.ActiveCfg = Debug|Any CPU
		{82060A30-3358-43BC-B923-7E3C77424133}.Debug|Any CPU.Build.0 = Debug|Any CPU
		{82060A30-3358-43BC-B923-7E3C77424133}.Release|Any CPU.ActiveCfg = Release|Any CPU
		{82060A30-3358-43BC-B923-7E3C77424133}.Release|Any CPU.Build.0 = Release|Any CPU
	EndGlobalSection
	GlobalSection(SolutionProperties) = preSolution
		HideSolutionNode = FALSE
	EndGlobalSection
	GlobalSection(ExtensibilityGlobals) = postSolution
		SolutionGuid = {7D4CC761-0927-436C-8635-060BDA25BDA0}
	EndGlobalSection
EndGlobal
